
Microsoft Visual Studio Solution File, Format Version 12.00
# Visual Studio Version 17
VisualStudioVersion = 17.4.33110.190
MinimumVisualStudioVersion = 10.0.40219.1
Project("{FAE04EC0-301F-11D3-BF4B-00C04F79EFBC}") = "LearnersDetails", "LearnersDetails\LearnersDetails.csproj", "{BD16B0F6-400B-407B-9A79-0A718BAC9576}"
EndProject
Global
	GlobalSection(SolutionConfigurationPlatforms) = preSolution
		Debug|Any CPU = Debug|Any CPU
		Release|Any CPU = Release|Any CPU
	EndGlobalSection
	GlobalSection(ProjectConfigurationPlatforms) = postSolution
		{BD16B0F6-400B-407B-9A79-0A718BAC9576}.Debug|Any CPU.ActiveCfg = Debug|Any CPU
		{BD16B0F6-400B-407B-9A79-0A718BAC9576}.Debug|Any CPU.Build.0 = Debug|Any CPU
		{BD16B0F6-400B-407B-9A79-0A718BAC9576}.Release|Any CPU.ActiveCfg = Release|Any CPU
		{BD16B0F6-400B-407B-9A79-0A718BAC9576}.Release|Any CPU.Build.0 = Release|Any CPU
	EndGlobalSection
	GlobalSection(SolutionProperties) = preSolution
		HideSolutionNode = FALSE
	EndGlobalSection
	GlobalSection(ExtensibilityGlobals) = postSolution
		SolutionGuid = {26E6168B-A773-4BD9-A299-7562E074E366}
	EndGlobalSection
EndGlobal
